
Microsoft Visual Studio Solution File, Format Version 12.00
# Visual Studio Version 17
VisualStudioVersion = 17.14.36623.8
MinimumVisualStudioVersion = 10.0.40219.1
Project("{2150E333-8FDC-42A3-9474-1A3956D46DE8}") = "Services", "Services", "{02EA681E-C7D8-13C7-8484-4AC65E1B71E8}"
EndProject
Project("{2150E333-8FDC-42A3-9474-1A3956D46DE8}") = "Catalog", "Catalog", "{D6A2E18E-076D-407D-9A88-8409145C835F}"
EndProject
Project("{FAE04EC0-301F-11D3-BF4B-00C04F79EFBC}") = "Catalog.API", "Catalog.API.csproj", "{37CC5CCC-3833-4DDE-9054-30DD0FD5C0B4}"
EndProject
Project("{2150E333-8FDC-42A3-9474-1A3956D46DE8}") = "BuildingBlocks", "BuildingBlocks", "{2925D464-3DD9-4C3F-AE3A-84453F195208}"
EndProject
Project("{FAE04EC0-301F-11D3-BF4B-00C04F79EFBC}") = "BuildingBlocks", "..\..\..\BuildingBlocks\BuildingBlocks\BuildingBlocks.csproj", "{64A872F2-0512-4980-819F-422FCC2F662D}"
EndProject
Project("{2150E333-8FDC-42A3-9474-1A3956D46DE8}") = "src", "src", "{827E0CD3-B72D-47B6-A68D-7590B98EB39B}"
EndProject
Project("{2150E333-8FDC-42A3-9474-1A3956D46DE8}") = "Services", "Services", "{984BB9B3-3FA3-BE33-9484-CAC21695A33C}"
EndProject
Project("{2150E333-8FDC-42A3-9474-1A3956D46DE8}") = "Catalog", "Catalog", "{C91C1CF1-1625-0789-F869-53D87D6277BA}"
EndProject
Project("{FAE04EC0-301F-11D3-BF4B-00C04F79EFBC}") = "Catalog.API", "src\Services\Catalog\Catalog.API\Catalog.API.csproj", "{5DF99E10-5355-4751-823C-83E0C0F67FFD}"
EndProject
Project("{2150E333-8FDC-42A3-9474-1A3956D46DE8}") = "BuildingBlocks", "BuildingBlocks", "{90298CBA-BD6F-3A0A-69D5-97CAD7B05E7E}"
EndProject
Project("{FAE04EC0-301F-11D3-BF4B-00C04F79EFBC}") = "BuildingBlocks", "src\BuildingBlocks\BuildingBlocks\BuildingBlocks.csproj", "{D797C10F-1C76-40DC-9324-AE7A00AE9D06}"
EndProject
Project("{E53339B2-1760-4266-BCC7-CA923CBCF16C}") = "docker-compose", "docker-compose.dcproj", "{81DDED9D-158B-E303-5F62-77A2896D2A5A}"
EndProject
Project("{2150E333-8FDC-42A3-9474-1A3956D46DE8}") = "Basket", "Basket", "{90C5FB8C-1F5E-4366-9F84-F4082C86164C}"
EndProject
Project("{FAE04EC0-301F-11D3-BF4B-00C04F79EFBC}") = "Basket.API", "src\Services\Basket\Basket.API\Basket.API.csproj", "{28DC46D2-665D-47C9-AC5D-42FCCD5BE764}"
EndProject
Global
	GlobalSection(SolutionConfigurationPlatforms) = preSolution
		Debug|Any CPU = Debug|Any CPU
		Debug|x64 = Debug|x64
		Debug|x86 = Debug|x86
		Release|Any CPU = Release|Any CPU
		Release|x64 = Release|x64
		Release|x86 = Release|x86
	EndGlobalSection
	GlobalSection(ProjectConfigurationPlatforms) = postSolution
		{37CC5CCC-3833-4DDE-9054-30DD0FD5C0B4}.Debug|Any CPU.ActiveCfg = Debug|Any CPU
		{37CC5CCC-3833-4DDE-9054-30DD0FD5C0B4}.Debug|Any CPU.Build.0 = Debug|Any CPU
		{37CC5CCC-3833-4DDE-9054-30DD0FD5C0B4}.Debug|x64.ActiveCfg = Debug|Any CPU
		{37CC5CCC-3833-4DDE-9054-30DD0FD5C0B4}.Debug|x64.Build.0 = Debug|Any CPU
		{37CC5CCC-3833-4DDE-9054-30DD0FD5C0B4}.Debug|x86.ActiveCfg = Debug|Any CPU
		{37CC5CCC-3833-4DDE-9054-30DD0FD5C0B4}.Debug|x86.Build.0 = Debug|Any CPU
		{37CC5CCC-3833-4DDE-9054-30DD0FD5C0B4}.Release|Any CPU.ActiveCfg = Release|Any CPU
		{37CC5CCC-3833-4DDE-9054-30DD0FD5C0B4}.Release|Any CPU.Build.0 = Release|Any CPU
		{37CC5CCC-3833-4DDE-9054-30DD0FD5C0B4}.Release|x64.ActiveCfg = Release|Any CPU
		{37CC5CCC-3833-4DDE-9054-30DD0FD5C0B4}.Release|x64.Build.0 = Release|Any CPU
		{37CC5CCC-3833-4DDE-9054-30DD0FD5C0B4}.Release|x86.ActiveCfg = Release|Any CPU
		{37CC5CCC-3833-4DDE-9054-30DD0FD5C0B4}.Release|x86.Build.0 = Release|Any CPU
		{64A872F2-0512-4980-819F-422FCC2F662D}.Debug|Any CPU.ActiveCfg = Debug|Any CPU
		{64A872F2-0512-4980-819F-422FCC2F662D}.Debug|Any CPU.Build.0 = Debug|Any CPU
		{64A872F2-0512-4980-819F-422FCC2F662D}.Debug|x64.ActiveCfg = Debug|Any CPU
		{64A872F2-0512-4980-819F-422FCC2F662D}.Debug|x64.Build.0 = Debug|Any CPU
		{64A872F2-0512-4980-819F-422FCC2F662D}.Debug|x86.ActiveCfg = Debug|Any CPU
		{64A872F2-0512-4980-819F-422FCC2F662D}.Debug|x86.Build.0 = Debug|Any CPU
		{64A872F2-0512-4980-819F-422FCC2F662D}.Release|Any CPU.ActiveCfg = Release|Any CPU
		{64A872F2-0512-4980-819F-422FCC2F662D}.Release|Any CPU.Build.0 = Release|Any CPU
		{64A872F2-0512-4980-819F-422FCC2F662D}.Release|x64.ActiveCfg = Release|Any CPU
		{64A872F2-0512-4980-819F-422FCC2F662D}.Release|x64.Build.0 = Release|Any CPU
		{64A872F2-0512-4980-819F-422FCC2F662D}.Release|x86.ActiveCfg = Release|Any CPU
		{64A872F2-0512-4980-819F-422FCC2F662D}.Release|x86.Build.0 = Release|Any CPU
		{5DF99E10-5355-4751-823C-83E0C0F67FFD}.Debug|Any CPU.ActiveCfg = Debug|Any CPU
		{5DF99E10-5355-4751-823C-83E0C0F67FFD}.Debug|Any CPU.Build.0 = Debug|Any CPU
		{5DF99E10-5355-4751-823C-83E0C0F67FFD}.Debug|x64.ActiveCfg = Debug|Any CPU
		{5DF99E10-5355-4751-823C-83E0C0F67FFD}.Debug|x64.Build.0 = Debug|Any CPU
		{5DF99E10-5355-4751-823C-83E0C0F67FFD}.Debug|x86.ActiveCfg = Debug|Any CPU
		{5DF99E10-5355-4751-823C-83E0C0F67FFD}.Debug|x86.Build.0 = Debug|Any CPU
		{5DF99E10-5355-4751-823C-83E0C0F67FFD}.Release|Any CPU.ActiveCfg = Release|Any CPU
		{5DF99E10-5355-4751-823C-83E0C0F67FFD}.Release|Any CPU.Build.0 = Release|Any CPU
		{5DF99E10-5355-4751-823C-83E0C0F67FFD}.Release|x64.ActiveCfg = Release|Any CPU
		{5DF99E10-5355-4751-823C-83E0C0F67FFD}.Release|x64.Build.0 = Release|Any CPU
		{5DF99E10-5355-4751-823C-83E0C0F67FFD}.Release|x86.ActiveCfg = Release|Any CPU
		{5DF99E10-5355-4751-823C-83E0C0F67FFD}.Release|x86.Build.0 = Release|Any CPU
		{D797C10F-1C76-40DC-9324-AE7A00AE9D06}.Debug|Any CPU.ActiveCfg = Debug|Any CPU
		{D797C10F-1C76-40DC-9324-AE7A00AE9D06}.Debug|Any CPU.Build.0 = Debug|Any CPU
		{D797C10F-1C76-40DC-9324-AE7A00AE9D06}.Debug|x64.ActiveCfg = Debug|Any CPU
		{D797C10F-1C76-40DC-9324-AE7A00AE9D06}.Debug|x64.Build.0 = Debug|Any CPU
		{D797C10F-1C76-40DC-9324-AE7A00AE9D06}.Debug|x86.ActiveCfg = Debug|Any CPU
		{D797C10F-1C76-40DC-9324-AE7A00AE9D06}.Debug|x86.Build.0 = Debug|Any CPU
		{D797C10F-1C76-40DC-9324-AE7A00AE9D06}.Release|Any CPU.ActiveCfg = Release|Any CPU
		{D797C10F-1C76-40DC-9324-AE7A00AE9D06}.Release|Any CPU.Build.0 = Release|Any CPU
		{D797C10F-1C76-40DC-9324-AE7A00AE9D06}.Release|x64.ActiveCfg = Release|Any CPU
		{D797C10F-1C76-40DC-9324-AE7A00AE9D06}.Release|x64.Build.0 = Release|Any CPU
		{D797C10F-1C76-40DC-9324-AE7A00AE9D06}.Release|x86.ActiveCfg = Release|Any CPU
		{D797C10F-1C76-40DC-9324-AE7A00AE9D06}.Release|x86.Build.0 = Release|Any CPU
		{81DDED9D-158B-E303-5F62-77A2896D2A5A}.Debug|Any CPU.ActiveCfg = Debug|Any CPU
		{81DDED9D-158B-E303-5F62-77A2896D2A5A}.Debug|Any CPU.Build.0 = Debug|Any CPU
		{81DDED9D-158B-E303-5F62-77A2896D2A5A}.Debug|x64.ActiveCfg = Debug|Any CPU
		{81DDED9D-158B-E303-5F62-77A2896D2A5A}.Debug|x64.Build.0 = Debug|Any CPU
		{81DDED9D-158B-E303-5F62-77A2896D2A5A}.Debug|x86.ActiveCfg = Debug|Any CPU
		{81DDED9D-158B-E303-5F62-77A2896D2A5A}.Debug|x86.Build.0 = Debug|Any CPU
		{81DDED9D-158B-E303-5F62-77A2896D2A5A}.Release|Any CPU.ActiveCfg = Release|Any CPU
		{81DDED9D-158B-E303-5F62-77A2896D2A5A}.Release|Any CPU.Build.0 = Release|Any CPU
		{81DDED9D-158B-E303-5F62-77A2896D2A5A}.Release|x64.ActiveCfg = Release|Any CPU
		{81DDED9D-158B-E303-5F62-77A2896D2A5A}.Release|x64.Build.0 = Release|Any CPU
		{81DDED9D-158B-E303-5F62-77A2896D2A5A}.Release|x86.ActiveCfg = Release|Any CPU
		{81DDED9D-158B-E303-5F62-77A2896D2A5A}.Release|x86.Build.0 = Release|Any CPU
		{28DC46D2-665D-47C9-AC5D-42FCCD5BE764}.Debug|Any CPU.ActiveCfg = Debug|Any CPU
		{28DC46D2-665D-47C9-AC5D-42FCCD5BE764}.Debug|Any CPU.Build.0 = Debug|Any CPU
		{28DC46D2-665D-47C9-AC5D-42FCCD5BE764}.Debug|x64.ActiveCfg = Debug|Any CPU
		{28DC46D2-665D-47C9-AC5D-42FCCD5BE764}.Debug|x64.Build.0 = Debug|Any CPU
		{28DC46D2-665D-47C9-AC5D-42FCCD5BE764}.Debug|x86.ActiveCfg = Debug|Any CPU
		{28DC46D2-665D-47C9-AC5D-42FCCD5BE764}.Debug|x86.Build.0 = Debug|Any CPU
		{28DC46D2-665D-47C9-AC5D-42FCCD5BE764}.Release|Any CPU.ActiveCfg = Release|Any CPU
		{28DC46D2-665D-47C9-AC5D-42FCCD5BE764}.Release|Any CPU.Build.0 = Release|Any CPU
		{28DC46D2-665D-47C9-AC5D-42FCCD5BE764}.Release|x64.ActiveCfg = Release|Any CPU
		{28DC46D2-665D-47C9-AC5D-42FCCD5BE764}.Release|x64.Build.0 = Release|Any CPU
		{28DC46D2-665D-47C9-AC5D-42FCCD5BE764}.Release|x86.ActiveCfg = Release|Any CPU
		{28DC46D2-665D-47C9-AC5D-42FCCD5BE764}.Release|x86.Build.0 = Release|Any CPU
	EndGlobalSection
	GlobalSection(SolutionProperties) = preSolution
		HideSolutionNode = FALSE
	EndGlobalSection
	GlobalSection(NestedProjects) = preSolution
		{D6A2E18E-076D-407D-9A88-8409145C835F} = {02EA681E-C7D8-13C7-8484-4AC65E1B71E8}
		{37CC5CCC-3833-4DDE-9054-30DD0FD5C0B4} = {D6A2E18E-076D-407D-9A88-8409145C835F}
		{64A872F2-0512-4980-819F-422FCC2F662D} = {2925D464-3DD9-4C3F-AE3A-84453F195208}
		{984BB9B3-3FA3-BE33-9484-CAC21695A33C} = {827E0CD3-B72D-47B6-A68D-7590B98EB39B}
		{C91C1CF1-1625-0789-F869-53D87D6277BA} = {984BB9B3-3FA3-BE33-9484-CAC21695A33C}
		{5DF99E10-5355-4751-823C-83E0C0F67FFD} = {C91C1CF1-1625-0789-F869-53D87D6277BA}
		{90298CBA-BD6F-3A0A-69D5-97CAD7B05E7E} = {827E0CD3-B72D-47B6-A68D-7590B98EB39B}
		{D797C10F-1C76-40DC-9324-AE7A00AE9D06} = {90298CBA-BD6F-3A0A-69D5-97CAD7B05E7E}
		{90C5FB8C-1F5E-4366-9F84-F4082C86164C} = {984BB9B3-3FA3-BE33-9484-CAC21695A33C}
		{28DC46D2-665D-47C9-AC5D-42FCCD5BE764} = {90C5FB8C-1F5E-4366-9F84-F4082C86164C}
	EndGlobalSection
	GlobalSection(ExtensibilityGlobals) = postSolution
		SolutionGuid = {9C348E4D-0CF1-45B2-8052-5C3D437181C4}
	EndGlobalSection
EndGlobal
